
Microsoft Visual Studio Solution File, Format Version 12.00
# Visual Studio Version 16
VisualStudioVersion = 16.0.30611.23
MinimumVisualStudioVersion = 10.0.40219.1
Project("{FAE04EC0-301F-11D3-BF4B-00C04F79EFBC}") = "Sys_Recom_EComm_PC_comp", "Sys_Recom_EComm_PC_comp.csproj", "{91DDD2F8-C589-40AD-B4D6-A086D1F7217A}"
EndProject
Global
	GlobalSection(SolutionConfigurationPlatforms) = preSolution
		Debug|Any CPU = Debug|Any CPU
		Release|Any CPU = Release|Any CPU
	EndGlobalSection
	GlobalSection(ProjectConfigurationPlatforms) = postSolution
		{91DDD2F8-C589-40AD-B4D6-A086D1F7217A}.Debug|Any CPU.ActiveCfg = Debug|Any CPU
		{91DDD2F8-C589-40AD-B4D6-A086D1F7217A}.Debug|Any CPU.Build.0 = Debug|Any CPU
		{91DDD2F8-C589-40AD-B4D6-A086D1F7217A}.Release|Any CPU.ActiveCfg = Release|Any CPU
		{91DDD2F8-C589-40AD-B4D6-A086D1F7217A}.Release|Any CPU.Build.0 = Release|Any CPU
	EndGlobalSection
	GlobalSection(SolutionProperties) = preSolution
		HideSolutionNode = FALSE
	EndGlobalSection
	GlobalSection(ExtensibilityGlobals) = postSolution
		SolutionGuid = {885A4F1C-DDAE-4F6D-A55F-66C2C42D4733}
	EndGlobalSection
EndGlobal
